
Microsoft Visual Studio Solution File, Format Version 12.00
# Visual Studio 15
VisualStudioVersion = 15.0.28307.168
MinimumVisualStudioVersion = 10.0.40219.1
Project("{FAE04EC0-301F-11D3-BF4B-00C04F79EFBC}") = "ConsoleApp6", "ConsoleApp6\ConsoleApp6.csproj", "{72392C13-798D-4691-A41E-D06A8D557F44}"
EndProject
Global
	GlobalSection(SolutionConfigurationPlatforms) = preSolution
		Debug|Any CPU = Debug|Any CPU
		Release|Any CPU = Release|Any CPU
	EndGlobalSection
	GlobalSection(ProjectConfigurationPlatforms) = postSolution
		{72392C13-798D-4691-A41E-D06A8D557F44}.Debug|Any CPU.ActiveCfg = Debug|Any CPU
		{72392C13-798D-4691-A41E-D06A8D557F44}.Debug|Any CPU.Build.0 = Debug|Any CPU
		{72392C13-798D-4691-A41E-D06A8D557F44}.Release|Any CPU.ActiveCfg = Release|Any CPU
		{72392C13-798D-4691-A41E-D06A8D557F44}.Release|Any CPU.Build.0 = Release|Any CPU
	EndGlobalSection
	GlobalSection(SolutionProperties) = preSolution
		HideSolutionNode = FALSE
	EndGlobalSection
	GlobalSection(ExtensibilityGlobals) = postSolution
		SolutionGuid = {6841E9B5-DCF4-40B2-8BFA-48C78F4E88D8}
	EndGlobalSection
EndGlobal
