
Microsoft Visual Studio Solution File, Format Version 12.00
# Visual Studio 15
VisualStudioVersion = 15.0.28307.421
MinimumVisualStudioVersion = 10.0.40219.1
Project("{FAE04EC0-301F-11D3-BF4B-00C04F79EFBC}") = "ConsoleApp38", "ConsoleApp38\ConsoleApp38.csproj", "{2F4D295E-5CD8-48AE-B56C-581A4C6077F2}"
EndProject
Global
	GlobalSection(SolutionConfigurationPlatforms) = preSolution
		Debug|Any CPU = Debug|Any CPU
		Release|Any CPU = Release|Any CPU
	EndGlobalSection
	GlobalSection(ProjectConfigurationPlatforms) = postSolution
		{2F4D295E-5CD8-48AE-B56C-581A4C6077F2}.Debug|Any CPU.ActiveCfg = Debug|Any CPU
		{2F4D295E-5CD8-48AE-B56C-581A4C6077F2}.Debug|Any CPU.Build.0 = Debug|Any CPU
		{2F4D295E-5CD8-48AE-B56C-581A4C6077F2}.Release|Any CPU.ActiveCfg = Release|Any CPU
		{2F4D295E-5CD8-48AE-B56C-581A4C6077F2}.Release|Any CPU.Build.0 = Release|Any CPU
	EndGlobalSection
	GlobalSection(SolutionProperties) = preSolution
		HideSolutionNode = FALSE
	EndGlobalSection
	GlobalSection(ExtensibilityGlobals) = postSolution
		SolutionGuid = {6FD70159-8B52-4A0D-A59F-0455ED769924}
	EndGlobalSection
EndGlobal
