
Microsoft Visual Studio Solution File, Format Version 12.00
# Visual Studio 15
VisualStudioVersion = 15.0.28307.168
MinimumVisualStudioVersion = 10.0.40219.1
Project("{FAE04EC0-301F-11D3-BF4B-00C04F79EFBC}") = "ConsoleApp12", "ConsoleApp12\ConsoleApp12.csproj", "{A09CFA88-41CA-4A7B-8F1E-6CADE1279F0E}"
EndProject
Global
	GlobalSection(SolutionConfigurationPlatforms) = preSolution
		Debug|Any CPU = Debug|Any CPU
		Release|Any CPU = Release|Any CPU
	EndGlobalSection
	GlobalSection(ProjectConfigurationPlatforms) = postSolution
		{A09CFA88-41CA-4A7B-8F1E-6CADE1279F0E}.Debug|Any CPU.ActiveCfg = Debug|Any CPU
		{A09CFA88-41CA-4A7B-8F1E-6CADE1279F0E}.Debug|Any CPU.Build.0 = Debug|Any CPU
		{A09CFA88-41CA-4A7B-8F1E-6CADE1279F0E}.Release|Any CPU.ActiveCfg = Release|Any CPU
		{A09CFA88-41CA-4A7B-8F1E-6CADE1279F0E}.Release|Any CPU.Build.0 = Release|Any CPU
	EndGlobalSection
	GlobalSection(SolutionProperties) = preSolution
		HideSolutionNode = FALSE
	EndGlobalSection
	GlobalSection(ExtensibilityGlobals) = postSolution
		SolutionGuid = {8664A5AC-EFC1-4265-9D95-62B5B0ABE830}
	EndGlobalSection
EndGlobal
